
Microsoft Visual Studio Solution File, Format Version 12.00
# Visual Studio 15
VisualStudioVersion = 15.0.28307.168
MinimumVisualStudioVersion = 10.0.40219.1
Project("{FAE04EC0-301F-11D3-BF4B-00C04F79EFBC}") = "Test", "Test\Test.csproj", "{76B61C8E-C739-447C-A0C9-C49D25650738}"
EndProject
Global
	GlobalSection(SolutionConfigurationPlatforms) = preSolution
		Debug|Any CPU = Debug|Any CPU
		Release|Any CPU = Release|Any CPU
	EndGlobalSection
	GlobalSection(ProjectConfigurationPlatforms) = postSolution
		{76B61C8E-C739-447C-A0C9-C49D25650738}.Debug|Any CPU.ActiveCfg = Debug|Any CPU
		{76B61C8E-C739-447C-A0C9-C49D25650738}.Debug|Any CPU.Build.0 = Debug|Any CPU
		{76B61C8E-C739-447C-A0C9-C49D25650738}.Release|Any CPU.ActiveCfg = Release|Any CPU
		{76B61C8E-C739-447C-A0C9-C49D25650738}.Release|Any CPU.Build.0 = Release|Any CPU
	EndGlobalSection
	GlobalSection(SolutionProperties) = preSolution
		HideSolutionNode = FALSE
	EndGlobalSection
	GlobalSection(ExtensibilityGlobals) = postSolution
		SolutionGuid = {0817C07C-924B-4804-9E6A-3B3E078C7F06}
	EndGlobalSection
EndGlobal
